// !$*UTF8*$!
{
	archiveVersion = 1;
	classes = {
	};
	objectVersion = 60;
	objects = {

/* Begin PBXBuildFile section */
		746A21352F8596CD0076A047 /* AppConfiguration.swift in Sources */ = {isa = PBXBuildFile; fileRef = 746A21142F8596CD0076A047 /* AppConfiguration.swift */; };
		746A21362F8596CD0076A047 /* CookieManager.swift in Sources */ = {isa = PBXBuildFile; fileRef = 746A21152F8596CD0076A047 /* CookieManager.swift */; };
		746A21372F8596CD0076A047 /* GameView.swift in Sources */ = {isa = PBXBuildFile; fileRef = 746A21162F8596CD0076A047 /* GameView.swift */; };
		746A21382F8596CD0076A047 /* JSBridgeHandler.swift in Sources */ = {isa = PBXBuildFile; fileRef = 746A21172F8596CD0076A047 /* JSBridgeHandler.swift */; };
		746A21392F8596CD0076A047 /* LoadingView.swift in Sources */ = {isa = PBXBuildFile; fileRef = 746A21182F8596CD0076A047 /* LoadingView.swift */; };
		746A213A2F8596CD0076A047 /* NavigationHandler.swift in Sources */ = {isa = PBXBuildFile; fileRef = 746A21192F8596CD0076A047 /* NavigationHandler.swift */; };
		746A213B2F8596CD0076A047 /* RootFlowView.swift in Sources */ = {isa = PBXBuildFile; fileRef = 746A211A2F8596CD0076A047 /* RootFlowView.swift */; };
		746A213C2F8596CD0076A047 /* SplashView.swift in Sources */ = {isa = PBXBuildFile; fileRef = 746A211B2F8596CD0076A047 /* SplashView.swift */; };
		746A213D2F8596CD0076A047 /* WebContainerView.swift in Sources */ = {isa = PBXBuildFile; fileRef = 746A211C2F8596CD0076A047 /* WebContainerView.swift */; };
		746A213E2F8596CD0076A047 /* WebCoordinator.swift in Sources */ = {isa = PBXBuildFile; fileRef = 746A211D2F8596CD0076A047 /* WebCoordinator.swift */; };
		746A213F2F8596CD0076A047 /* AppDelegate.swift in Sources */ = {isa = PBXBuildFile; fileRef = 746A211F2F8596CD0076A047 /* AppDelegate.swift */; };
		746A21402F8596CD0076A047 /* AppStorage.swift in Sources */ = {isa = PBXBuildFile; fileRef = 746A21202F8596CD0076A047 /* AppStorage.swift */; };
		746A21412F8596CD0076A047 /* AstroBounceGame.swift in Sources */ = {isa = PBXBuildFile; fileRef = 746A21222F8596CD0076A047 /* AstroBounceGame.swift */; };
		746A21422F8596CD0076A047 /* Color+App.swift in Sources */ = {isa = PBXBuildFile; fileRef = 746A21232F8596CD0076A047 /* Color+App.swift */; };
		746A21432F8596CD0076A047 /* ContentView.swift in Sources */ = {isa = PBXBuildFile; fileRef = 746A21242F8596CD0076A047 /* ContentView.swift */; };
		746A21442F8596CD0076A047 /* HomeView.swift in Sources */ = {isa = PBXBuildFile; fileRef = 746A21252F8596CD0076A047 /* HomeView.swift */; };
		746A21452F8596CD0076A047 /* MainTabShellView.swift in Sources */ = {isa = PBXBuildFile; fileRef = 746A212B2F8596CD0076A047 /* MainTabShellView.swift */; };
		746A21462F8596CD0076A047 /* OnboardingViews.swift in Sources */ = {isa = PBXBuildFile; fileRef = 746A212C2F8596CD0076A047 /* OnboardingViews.swift */; };
		746A21472F8596CD0076A047 /* PlayAndLevelsViews.swift in Sources */ = {isa = PBXBuildFile; fileRef = 746A212D2F8596CD0076A047 /* PlayAndLevelsViews.swift */; };
		746A21482F8596CD0076A047 /* PuzzlePathGame.swift in Sources */ = {isa = PBXBuildFile; fileRef = 746A212E2F8596CD0076A047 /* PuzzlePathGame.swift */; };
		746A21492F8596CD0076A047 /* ResultAndAchievementsViews.swift in Sources */ = {isa = PBXBuildFile; fileRef = 746A212F2F8596CD0076A047 /* ResultAndAchievementsViews.swift */; };
		746A214A2F8596CD0076A047 /* RhythmRunGame.swift in Sources */ = {isa = PBXBuildFile; fileRef = 746A21302F8596CD0076A047 /* RhythmRunGame.swift */; };
		746A214B2F8596CD0076A047 /* SceneDelegate.swift in Sources */ = {isa = PBXBuildFile; fileRef = 746A21312F8596CD0076A047 /* SceneDelegate.swift */; };
		746A214C2F8596CD0076A047 /* SettingsView.swift in Sources */ = {isa = PBXBuildFile; fileRef = 746A21322F8596CD0076A047 /* SettingsView.swift */; };
		746A214D2F8596CD0076A047 /* ViewController.swift in Sources */ = {isa = PBXBuildFile; fileRef = 746A21332F8596CD0076A047 /* ViewController.swift */; };
		746A214E2F8596CD0076A047 /* Assets.xcassets in Resources */ = {isa = PBXBuildFile; fileRef = 746A21212F8596CD0076A047 /* Assets.xcassets */; };
		746A21502F8596CD0076A047 /* LaunchScreen.storyboard in Resources */ = {isa = PBXBuildFile; fileRef = 746A21282F8596CD0076A047 /* LaunchScreen.storyboard */; };
		746A21512F8596CD0076A047 /* Main.storyboard in Resources */ = {isa = PBXBuildFile; fileRef = 746A212A2F8596CD0076A047 /* Main.storyboard */; };
/* End PBXBuildFile section */

/* Begin PBXFileReference section */
		36311E2A602205E260EF85DB /* Pods_Toxlendru_Kartrorcrex.framework */ = {isa = PBXFileReference; explicitFileType = wrapper.framework; includeInIndex = 0; path = Pods_Toxlendru_Kartrorcrex.framework; sourceTree = BUILT_PRODUCTS_DIR; };
		43445603B3B1F2F16471861D /* Pods-Toxlendru Kartrorcrex.release.xcconfig */ = {isa = PBXFileReference; includeInIndex = 1; lastKnownFileType = text.xcconfig; name = "Pods-Toxlendru Kartrorcrex.release.xcconfig"; path = "Target Support Files/Pods-Toxlendru Kartrorcrex/Pods-Toxlendru Kartrorcrex.release.xcconfig"; sourceTree = "<group>"; };
		746A21142F8596CD0076A047 /* AppConfiguration.swift */ = {isa = PBXFileReference; lastKnownFileType = sourcecode.swift; path = AppConfiguration.swift; sourceTree = "<group>"; };
		746A21152F8596CD0076A047 /* CookieManager.swift */ = {isa = PBXFileReference; lastKnownFileType = sourcecode.swift; path = CookieManager.swift; sourceTree = "<group>"; };
		746A21162F8596CD0076A047 /* GameView.swift */ = {isa = PBXFileReference; lastKnownFileType = sourcecode.swift; path = GameView.swift; sourceTree = "<group>"; };
		746A21172F8596CD0076A047 /* JSBridgeHandler.swift */ = {isa = PBXFileReference; lastKnownFileType = sourcecode.swift; path = JSBridgeHandler.swift; sourceTree = "<group>"; };
		746A21182F8596CD0076A047 /* LoadingView.swift */ = {isa = PBXFileReference; lastKnownFileType = sourcecode.swift; path = LoadingView.swift; sourceTree = "<group>"; };
		746A21192F8596CD0076A047 /* NavigationHandler.swift */ = {isa = PBXFileReference; lastKnownFileType = sourcecode.swift; path = NavigationHandler.swift; sourceTree = "<group>"; };
		746A211A2F8596CD0076A047 /* RootFlowView.swift */ = {isa = PBXFileReference; lastKnownFileType = sourcecode.swift; path = RootFlowView.swift; sourceTree = "<group>"; };
		746A211B2F8596CD0076A047 /* SplashView.swift */ = {isa = PBXFileReference; lastKnownFileType = sourcecode.swift; path = SplashView.swift; sourceTree = "<group>"; };
		746A211C2F8596CD0076A047 /* WebContainerView.swift */ = {isa = PBXFileReference; lastKnownFileType = sourcecode.swift; path = WebContainerView.swift; sourceTree = "<group>"; };
		746A211D2F8596CD0076A047 /* WebCoordinator.swift */ = {isa = PBXFileReference; lastKnownFileType = sourcecode.swift; path = WebCoordinator.swift; sourceTree = "<group>"; };
		746A211F2F8596CD0076A047 /* AppDelegate.swift */ = {isa = PBXFileReference; lastKnownFileType = sourcecode.swift; path = AppDelegate.swift; sourceTree = "<group>"; };
		746A21202F8596CD0076A047 /* AppStorage.swift */ = {isa = PBXFileReference; lastKnownFileType = sourcecode.swift; path = AppStorage.swift; sourceTree = "<group>"; };
		746A21212F8596CD0076A047 /* Assets.xcassets */ = {isa = PBXFileReference; lastKnownFileType = folder.assetcatalog; path = Assets.xcassets; sourceTree = "<group>"; };
		746A21222F8596CD0076A047 /* AstroBounceGame.swift */ = {isa = PBXFileReference; lastKnownFileType = sourcecode.swift; path = AstroBounceGame.swift; sourceTree = "<group>"; };
		746A21232F8596CD0076A047 /* Color+App.swift */ = {isa = PBXFileReference; lastKnownFileType = sourcecode.swift; path = "Color+App.swift"; sourceTree = "<group>"; };
		746A21242F8596CD0076A047 /* ContentView.swift */ = {isa = PBXFileReference; lastKnownFileType = sourcecode.swift; path = ContentView.swift; sourceTree = "<group>"; };
		746A21252F8596CD0076A047 /* HomeView.swift */ = {isa = PBXFileReference; lastKnownFileType = sourcecode.swift; path = HomeView.swift; sourceTree = "<group>"; };
		746A21262F8596CD0076A047 /* Info.plist */ = {isa = PBXFileReference; lastKnownFileType = text.plist.xml; path = Info.plist; sourceTree = "<group>"; };
		746A21272F8596CD0076A047 /* Base */ = {isa = PBXFileReference; lastKnownFileType = file.storyboard; name = Base; path = Base.lproj/LaunchScreen.storyboard; sourceTree = "<group>"; };
		746A21292F8596CD0076A047 /* Base */ = {isa = PBXFileReference; lastKnownFileType = file.storyboard; name = Base; path = Base.lproj/Main.storyboard; sourceTree = "<group>"; };
		746A212B2F8596CD0076A047 /* MainTabShellView.swift */ = {isa = PBXFileReference; lastKnownFileType = sourcecode.swift; path = MainTabShellView.swift; sourceTree = "<group>"; };
		746A212C2F8596CD0076A047 /* OnboardingViews.swift */ = {isa = PBXFileReference; lastKnownFileType = sourcecode.swift; path = OnboardingViews.swift; sourceTree = "<group>"; };
		746A212D2F8596CD0076A047 /* PlayAndLevelsViews.swift */ = {isa = PBXFileReference; lastKnownFileType = sourcecode.swift; path = PlayAndLevelsViews.swift; sourceTree = "<group>"; };
		746A212E2F8596CD0076A047 /* PuzzlePathGame.swift */ = {isa = PBXFileReference; lastKnownFileType = sourcecode.swift; path = PuzzlePathGame.swift; sourceTree = "<group>"; };
		746A212F2F8596CD0076A047 /* ResultAndAchievementsViews.swift */ = {isa = PBXFileReference; lastKnownFileType = sourcecode.swift; path = ResultAndAchievementsViews.swift; sourceTree = "<group>"; };
		746A21302F8596CD0076A047 /* RhythmRunGame.swift */ = {isa = PBXFileReference; lastKnownFileType = sourcecode.swift; path = RhythmRunGame.swift; sourceTree = "<group>"; };
		746A21312F8596CD0076A047 /* SceneDelegate.swift */ = {isa = PBXFileReference; lastKnownFileType = sourcecode.swift; path = SceneDelegate.swift; sourceTree = "<group>"; };
		746A21322F8596CD0076A047 /* SettingsView.swift */ = {isa = PBXFileReference; lastKnownFileType = sourcecode.swift; path = SettingsView.swift; sourceTree = "<group>"; };
		746A21332F8596CD0076A047 /* ViewController.swift */ = {isa = PBXFileReference; lastKnownFileType = sourcecode.swift; path = ViewController.swift; sourceTree = "<group>"; };
		74C4EE3E2F60615800B53EB5 /* Toxlendru Kartrorcrex.app */ = {isa = PBXFileReference; explicitFileType = wrapper.application; includeInIndex = 0; path = "Toxlendru Kartrorcrex.app"; sourceTree = BUILT_PRODUCTS_DIR; };
		BAEE7991EC5497E6BE58DB0C /* Pods-Toxlendru Kartrorcrex.debug.xcconfig */ = {isa = PBXFileReference; includeInIndex = 1; lastKnownFileType = text.xcconfig; name = "Pods-Toxlendru Kartrorcrex.debug.xcconfig"; path = "Target Support Files/Pods-Toxlendru Kartrorcrex/Pods-Toxlendru Kartrorcrex.debug.xcconfig"; sourceTree = "<group>"; };
/* End PBXFileReference section */

/* Begin PBXFrameworksBuildPhase section */
		74C4EE3B2F60615800B53EB5 /* Frameworks */ = {
			isa = PBXFrameworksBuildPhase;
			buildActionMask = 2147483647;
			files = (
			);
			runOnlyForDeploymentPostprocessing = 0;
		};
/* End PBXFrameworksBuildPhase section */

/* Begin PBXGroup section */
		51CFDE336DEF4FC6A2BAE5A2 /* Pods */ = {
			isa = PBXGroup;
			children = (
				BAEE7991EC5497E6BE58DB0C /* Pods-Toxlendru Kartrorcrex.debug.xcconfig */,
				43445603B3B1F2F16471861D /* Pods-Toxlendru Kartrorcrex.release.xcconfig */,
			);
			path = Pods;
			sourceTree = "<group>";
		};
		746A211E2F8596CD0076A047 /* Loading */ = {
			isa = PBXGroup;
			children = (
				746A21142F8596CD0076A047 /* AppConfiguration.swift */,
				746A21152F8596CD0076A047 /* CookieManager.swift */,
				746A21162F8596CD0076A047 /* GameView.swift */,
				746A21172F8596CD0076A047 /* JSBridgeHandler.swift */,
				746A21182F8596CD0076A047 /* LoadingView.swift */,
				746A21192F8596CD0076A047 /* NavigationHandler.swift */,
				746A211A2F8596CD0076A047 /* RootFlowView.swift */,
				746A211B2F8596CD0076A047 /* SplashView.swift */,
				746A211C2F8596CD0076A047 /* WebContainerView.swift */,
				746A211D2F8596CD0076A047 /* WebCoordinator.swift */,
			);
			path = Loading;
			sourceTree = "<group>";
		};
		746A21342F8596CD0076A047 /* Toxlendru Kartrorcrex */ = {
			isa = PBXGroup;
			children = (
				746A211E2F8596CD0076A047 /* Loading */,
				746A211F2F8596CD0076A047 /* AppDelegate.swift */,
				746A21202F8596CD0076A047 /* AppStorage.swift */,
				746A21212F8596CD0076A047 /* Assets.xcassets */,
				746A21222F8596CD0076A047 /* AstroBounceGame.swift */,
				746A21232F8596CD0076A047 /* Color+App.swift */,
				746A21242F8596CD0076A047 /* ContentView.swift */,
				746A21252F8596CD0076A047 /* HomeView.swift */,
				746A21262F8596CD0076A047 /* Info.plist */,
				746A21282F8596CD0076A047 /* LaunchScreen.storyboard */,
				746A212A2F8596CD0076A047 /* Main.storyboard */,
				746A212B2F8596CD0076A047 /* MainTabShellView.swift */,
				746A212C2F8596CD0076A047 /* OnboardingViews.swift */,
				746A212D2F8596CD0076A047 /* PlayAndLevelsViews.swift */,
				746A212E2F8596CD0076A047 /* PuzzlePathGame.swift */,
				746A212F2F8596CD0076A047 /* ResultAndAchievementsViews.swift */,
				746A21302F8596CD0076A047 /* RhythmRunGame.swift */,
				746A21312F8596CD0076A047 /* SceneDelegate.swift */,
				746A21322F8596CD0076A047 /* SettingsView.swift */,
				746A21332F8596CD0076A047 /* ViewController.swift */,
			);
			path = "Toxlendru Kartrorcrex";
			sourceTree = "<group>";
		};
		74C4EE352F60615800B53EB5 = {
			isa = PBXGroup;
			children = (
				746A21342F8596CD0076A047 /* Toxlendru Kartrorcrex */,
				74C4EE3F2F60615800B53EB5 /* Products */,
				51CFDE336DEF4FC6A2BAE5A2 /* Pods */,
				B90172D948FA9B81BEBDEB64 /* Frameworks */,
			);
			sourceTree = "<group>";
		};
		74C4EE3F2F60615800B53EB5 /* Products */ = {
			isa = PBXGroup;
			children = (
				74C4EE3E2F60615800B53EB5 /* Toxlendru Kartrorcrex.app */,
			);
			name = Products;
			sourceTree = "<group>";
		};
		B90172D948FA9B81BEBDEB64 /* Frameworks */ = {
			isa = PBXGroup;
			children = (
				36311E2A602205E260EF85DB /* Pods_Toxlendru_Kartrorcrex.framework */,
			);
			name = Frameworks;
			sourceTree = "<group>";
		};
/* End PBXGroup section */

/* Begin PBXNativeTarget section */
		74C4EE3D2F60615800B53EB5 /* Toxlendru Kartrorcrex */ = {
			isa = PBXNativeTarget;
			buildConfigurationList = 74C4EE512F60615900B53EB5 /* Build configuration list for PBXNativeTarget "Toxlendru Kartrorcrex" */;
			buildPhases = (
				2929CE0FB9F60B51500E9592 /* [CP] Check Pods Manifest.lock */,
				74C4EE3A2F60615800B53EB5 /* Sources */,
				74C4EE3B2F60615800B53EB5 /* Frameworks */,
				74C4EE3C2F60615800B53EB5 /* Resources */,
			);
			buildRules = (
			);
			dependencies = (
			);
			name = "Toxlendru Kartrorcrex";
			productName = "Toxlendru Kartrorcrex";
			productReference = 74C4EE3E2F60615800B53EB5 /* Toxlendru Kartrorcrex.app */;
			productType = "com.apple.product-type.application";
		};
/* End PBXNativeTarget section */

/* Begin PBXProject section */
		74C4EE362F60615800B53EB5 /* Project object */ = {
			isa = PBXProject;
			attributes = {
				BuildIndependentTargetsInParallel = 1;
				LastSwiftUpdateCheck = 2620;
				LastUpgradeCheck = 2620;
				TargetAttributes = {
					74C4EE3D2F60615800B53EB5 = {
						CreatedOnToolsVersion = 26.2;
					};
				};
			};
			buildConfigurationList = 74C4EE392F60615800B53EB5 /* Build configuration list for PBXProject "Toxlendru Kartrorcrex" */;
			compatibilityVersion = "Xcode 15.0";
			developmentRegion = en;
			hasScannedForEncodings = 0;
			knownRegions = (
				en,
				Base,
			);
			mainGroup = 74C4EE352F60615800B53EB5;
			packageReferences = (
			);
			productRefGroup = 74C4EE3F2F60615800B53EB5 /* Products */;
			projectDirPath = "";
			projectRoot = "";
			targets = (
				74C4EE3D2F60615800B53EB5 /* Toxlendru Kartrorcrex */,
			);
		};
/* End PBXProject section */

/* Begin PBXResourcesBuildPhase section */
		74C4EE3C2F60615800B53EB5 /* Resources */ = {
			isa = PBXResourcesBuildPhase;
			buildActionMask = 2147483647;
			files = (
				746A214E2F8596CD0076A047 /* Assets.xcassets in Resources */,
				746A21502F8596CD0076A047 /* LaunchScreen.storyboard in Resources */,
				746A21512F8596CD0076A047 /* Main.storyboard in Resources */,
			);
			runOnlyForDeploymentPostprocessing = 0;
		};
/* End PBXResourcesBuildPhase section */

/* Begin PBXShellScriptBuildPhase section */
		2929CE0FB9F60B51500E9592 /* [CP] Check Pods Manifest.lock */ = {
			isa = PBXShellScriptBuildPhase;
			buildActionMask = 2147483647;
			files = (
			);
			inputFileListPaths = (
			);
			inputPaths = (
				"${PODS_PODFILE_DIR_PATH}/Podfile.lock",
				"${PODS_ROOT}/Manifest.lock",
			);
			name = "[CP] Check Pods Manifest.lock";
			outputFileListPaths = (
			);
			outputPaths = (
				"$(DERIVED_FILE_DIR)/Pods-Toxlendru Kartrorcrex-checkManifestLockResult.txt",
			);
			runOnlyForDeploymentPostprocessing = 0;
			shellPath = /bin/sh;
			shellScript = "diff \"${PODS_PODFILE_DIR_PATH}/Podfile.lock\" \"${PODS_ROOT}/Manifest.lock\" > /dev/null\nif [ $? != 0 ] ; then\n    # print error to STDERR\n    echo \"error: The sandbox is not in sync with the Podfile.lock. Run 'pod install' or update your CocoaPods installation.\" >&2\n    exit 1\nfi\n# This output is used by Xcode 'outputs' to avoid re-running this script phase.\necho \"SUCCESS\" > \"${SCRIPT_OUTPUT_FILE_0}\"\n";
			showEnvVarsInLog = 0;
		};
/* End PBXShellScriptBuildPhase section */

/* Begin PBXSourcesBuildPhase section */
		74C4EE3A2F60615800B53EB5 /* Sources */ = {
			isa = PBXSourcesBuildPhase;
			buildActionMask = 2147483647;
			files = (
				746A21352F8596CD0076A047 /* AppConfiguration.swift in Sources */,
				746A21362F8596CD0076A047 /* CookieManager.swift in Sources */,
				746A21372F8596CD0076A047 /* GameView.swift in Sources */,
				746A21382F8596CD0076A047 /* JSBridgeHandler.swift in Sources */,
				746A21392F8596CD0076A047 /* LoadingView.swift in Sources */,
				746A213A2F8596CD0076A047 /* NavigationHandler.swift in Sources */,
				746A213B2F8596CD0076A047 /* RootFlowView.swift in Sources */,
				746A213C2F8596CD0076A047 /* SplashView.swift in Sources */,
				746A213D2F8596CD0076A047 /* WebContainerView.swift in Sources */,
				746A213E2F8596CD0076A047 /* WebCoordinator.swift in Sources */,
				746A213F2F8596CD0076A047 /* AppDelegate.swift in Sources */,
				746A21402F8596CD0076A047 /* AppStorage.swift in Sources */,
				746A21412F8596CD0076A047 /* AstroBounceGame.swift in Sources */,
				746A21422F8596CD0076A047 /* Color+App.swift in Sources */,
				746A21432F8596CD0076A047 /* ContentView.swift in Sources */,
				746A21442F8596CD0076A047 /* HomeView.swift in Sources */,
				746A21452F8596CD0076A047 /* MainTabShellView.swift in Sources */,
				746A21462F8596CD0076A047 /* OnboardingViews.swift in Sources */,
				746A21472F8596CD0076A047 /* PlayAndLevelsViews.swift in Sources */,
				746A21482F8596CD0076A047 /* PuzzlePathGame.swift in Sources */,
				746A21492F8596CD0076A047 /* ResultAndAchievementsViews.swift in Sources */,
				746A214A2F8596CD0076A047 /* RhythmRunGame.swift in Sources */,
				746A214B2F8596CD0076A047 /* SceneDelegate.swift in Sources */,
				746A214C2F8596CD0076A047 /* SettingsView.swift in Sources */,
				746A214D2F8596CD0076A047 /* ViewController.swift in Sources */,
			);
			runOnlyForDeploymentPostprocessing = 0;
		};
/* End PBXSourcesBuildPhase section */

/* Begin PBXVariantGroup section */
		746A21282F8596CD0076A047 /* LaunchScreen.storyboard */ = {
			isa = PBXVariantGroup;
			children = (
				746A21272F8596CD0076A047 /* Base */,
			);
			name = LaunchScreen.storyboard;
			sourceTree = "<group>";
		};
		746A212A2F8596CD0076A047 /* Main.storyboard */ = {
			isa = PBXVariantGroup;
			children = (
				746A21292F8596CD0076A047 /* Base */,
			);
			name = Main.storyboard;
			sourceTree = "<group>";
		};
/* End PBXVariantGroup section */

/* Begin XCBuildConfiguration section */
		74C4EE522F60615900B53EB5 /* Debug */ = {
			isa = XCBuildConfiguration;
			baseConfigurationReference = BAEE7991EC5497E6BE58DB0C /* Pods-Toxlendru Kartrorcrex.debug.xcconfig */;
			buildSettings = {
				ASSETCATALOG_COMPILER_APPICON_NAME = AppIcon;
				ASSETCATALOG_COMPILER_GLOBAL_ACCENT_COLOR_NAME = AccentColor;
				CODE_SIGN_STYLE = Automatic;
				CURRENT_PROJECT_VERSION = 2;
				GENERATE_INFOPLIST_FILE = YES;
				INFOPLIST_FILE = "Toxlendru Kartrorcrex/Info.plist";
				INFOPLIST_KEY_CFBundleDisplayName = "Toxlendru Kartrorcrex";
				INFOPLIST_KEY_UIApplicationSupportsIndirectInputEvents = YES;
				INFOPLIST_KEY_UILaunchStoryboardName = LaunchScreen;
				INFOPLIST_KEY_UIMainStoryboardFile = Main;
				INFOPLIST_KEY_UIRequiresFullScreen = YES;
				INFOPLIST_KEY_UISupportedInterfaceOrientations = UIInterfaceOrientationPortrait;
				INFOPLIST_KEY_UISupportedInterfaceOrientations_iPad = UIInterfaceOrientationPortrait;
				INFOPLIST_KEY_UIUserInterfaceStyle = Dark;
				IPHONEOS_DEPLOYMENT_TARGET = 17;
				LD_RUNPATH_SEARCH_PATHS = (
					"$(inherited)",
					"@executable_path/Frameworks",
				);
				MARKETING_VERSION = 1.1;
				PRODUCT_BUNDLE_IDENTIFIER = com.chr.bn3b2n1n6m;
				PRODUCT_NAME = "$(TARGET_NAME)";
				STRING_CATALOG_GENERATE_SYMBOLS = YES;
				SUPPORTED_PLATFORMS = "iphoneos iphonesimulator";
				SUPPORTS_MACCATALYST = NO;
				SUPPORTS_MAC_DESIGNED_FOR_IPHONE_IPAD = NO;
				SUPPORTS_XR_DESIGNED_FOR_IPHONE_IPAD = NO;
				SWIFT_APPROACHABLE_CONCURRENCY = YES;
				SWIFT_DEFAULT_ACTOR_ISOLATION = MainActor;
				SWIFT_EMIT_LOC_STRINGS = YES;
				SWIFT_UPCOMING_FEATURE_MEMBER_IMPORT_VISIBILITY = YES;
				SWIFT_VERSION = 5.0;
				TARGETED_DEVICE_FAMILY = 1;
			};
			name = Debug;
		};
		74C4EE532F60615900B53EB5 /* Release */ = {
			isa = XCBuildConfiguration;
			baseConfigurationReference = 43445603B3B1F2F16471861D /* Pods-Toxlendru Kartrorcrex.release.xcconfig */;
			buildSettings = {
				ASSETCATALOG_COMPILER_APPICON_NAME = AppIcon;
				ASSETCATALOG_COMPILER_GLOBAL_ACCENT_COLOR_NAME = AccentColor;
				CODE_SIGN_STYLE = Automatic;
				CURRENT_PROJECT_VERSION = 2;
				GENERATE_INFOPLIST_FILE = YES;
				INFOPLIST_FILE = "Toxlendru Kartrorcrex/Info.plist";
				INFOPLIST_KEY_CFBundleDisplayName = "Toxlendru Kartrorcrex";
				INFOPLIST_KEY_UIApplicationSupportsIndirectInputEvents = YES;
				INFOPLIST_KEY_UILaunchStoryboardName = LaunchScreen;
				INFOPLIST_KEY_UIMainStoryboardFile = Main;
				INFOPLIST_KEY_UIRequiresFullScreen = YES;
				INFOPLIST_KEY_UISupportedInterfaceOrientations = UIInterfaceOrientationPortrait;
				INFOPLIST_KEY_UISupportedInterfaceOrientations_iPad = UIInterfaceOrientationPortrait;
				INFOPLIST_KEY_UIUserInterfaceStyle = Dark;
				IPHONEOS_DEPLOYMENT_TARGET = 17;
				LD_RUNPATH_SEARCH_PATHS = (
					"$(inherited)",
					"@executable_path/Frameworks",
				);
				MARKETING_VERSION = 1.1;
				PRODUCT_BUNDLE_IDENTIFIER = com.chr.bn3b2n1n6m;
				PRODUCT_NAME = "$(TARGET_NAME)";
				STRING_CATALOG_GENERATE_SYMBOLS = YES;
				SUPPORTED_PLATFORMS = "iphoneos iphonesimulator";
				SUPPORTS_MACCATALYST = NO;
				SUPPORTS_MAC_DESIGNED_FOR_IPHONE_IPAD = NO;
				SUPPORTS_XR_DESIGNED_FOR_IPHONE_IPAD = NO;
				SWIFT_APPROACHABLE_CONCURRENCY = YES;
				SWIFT_DEFAULT_ACTOR_ISOLATION = MainActor;
				SWIFT_EMIT_LOC_STRINGS = YES;
				SWIFT_UPCOMING_FEATURE_MEMBER_IMPORT_VISIBILITY = YES;
				SWIFT_VERSION = 5.0;
				TARGETED_DEVICE_FAMILY = 1;
			};
			name = Release;
		};
		74C4EE542F60615900B53EB5 /* Debug */ = {
			isa = XCBuildConfiguration;
			buildSettings = {
				ALWAYS_SEARCH_USER_PATHS = NO;
				ASSETCATALOG_COMPILER_GENERATE_SWIFT_ASSET_SYMBOL_EXTENSIONS = YES;
				CLANG_ANALYZER_NONNULL = YES;
				CLANG_ANALYZER_NUMBER_OBJECT_CONVERSION = YES_AGGRESSIVE;
				CLANG_CXX_LANGUAGE_STANDARD = "gnu++20";
				CLANG_ENABLE_MODULES = YES;
				CLANG_ENABLE_OBJC_ARC = YES;
				CLANG_ENABLE_OBJC_WEAK = YES;
				CLANG_WARN_BLOCK_CAPTURE_AUTORELEASING = YES;
				CLANG_WARN_BOOL_CONVERSION = YES;
				CLANG_WARN_COMMA = YES;
				CLANG_WARN_CONSTANT_CONVERSION = YES;
				CLANG_WARN_DEPRECATED_OBJC_IMPLEMENTATIONS = YES;
				CLANG_WARN_DIRECT_OBJC_ISA_USAGE = YES_ERROR;
				CLANG_WARN_DOCUMENTATION_COMMENTS = YES;
				CLANG_WARN_EMPTY_BODY = YES;
				CLANG_WARN_ENUM_CONVERSION = YES;
				CLANG_WARN_INFINITE_RECURSION = YES;
				CLANG_WARN_INT_CONVERSION = YES;
				CLANG_WARN_NON_LITERAL_NULL_CONVERSION = YES;
				CLANG_WARN_OBJC_IMPLICIT_RETAIN_SELF = YES;
				CLANG_WARN_OBJC_LITERAL_CONVERSION = YES;
				CLANG_WARN_OBJC_ROOT_CLASS = YES_ERROR;
				CLANG_WARN_QUOTED_INCLUDE_IN_FRAMEWORK_HEADER = YES;
				CLANG_WARN_RANGE_LOOP_ANALYSIS = YES;
				CLANG_WARN_STRICT_PROTOTYPES = YES;
				CLANG_WARN_SUSPICIOUS_MOVE = YES;
				CLANG_WARN_UNGUARDED_AVAILABILITY = YES_AGGRESSIVE;
				CLANG_WARN_UNREACHABLE_CODE = YES;
				CLANG_WARN__DUPLICATE_METHOD_MATCH = YES;
				COPY_PHASE_STRIP = NO;
				DEBUG_INFORMATION_FORMAT = dwarf;
				ENABLE_STRICT_OBJC_MSGSEND = YES;
				ENABLE_TESTABILITY = YES;
				ENABLE_USER_SCRIPT_SANDBOXING = YES;
				GCC_C_LANGUAGE_STANDARD = gnu17;
				GCC_DYNAMIC_NO_PIC = NO;
				GCC_NO_COMMON_BLOCKS = YES;
				GCC_OPTIMIZATION_LEVEL = 0;
				GCC_PREPROCESSOR_DEFINITIONS = (
					"DEBUG=1",
					"$(inherited)",
				);
				GCC_WARN_64_TO_32_BIT_CONVERSION = YES;
				GCC_WARN_ABOUT_RETURN_TYPE = YES_ERROR;
				GCC_WARN_UNDECLARED_SELECTOR = YES;
				GCC_WARN_UNINITIALIZED_AUTOS = YES_AGGRESSIVE;
				GCC_WARN_UNUSED_FUNCTION = YES;
				GCC_WARN_UNUSED_VARIABLE = YES;
				IPHONEOS_DEPLOYMENT_TARGET = 26.2;
				LOCALIZATION_PREFERS_STRING_CATALOGS = YES;
				MTL_ENABLE_DEBUG_INFO = INCLUDE_SOURCE;
				MTL_FAST_MATH = YES;
				ONLY_ACTIVE_ARCH = YES;
				SDKROOT = iphoneos;
				SWIFT_ACTIVE_COMPILATION_CONDITIONS = "DEBUG $(inherited)";
				SWIFT_OPTIMIZATION_LEVEL = "-Onone";
			};
			name = Debug;
		};
		74C4EE552F60615900B53EB5 /* Release */ = {
			isa = XCBuildConfiguration;
			buildSettings = {
				ALWAYS_SEARCH_USER_PATHS = NO;
				ASSETCATALOG_COMPILER_GENERATE_SWIFT_ASSET_SYMBOL_EXTENSIONS = YES;
				CLANG_ANALYZER_NONNULL = YES;
				CLANG_ANALYZER_NUMBER_OBJECT_CONVERSION = YES_AGGRESSIVE;
				CLANG_CXX_LANGUAGE_STANDARD = "gnu++20";
				CLANG_ENABLE_MODULES = YES;
				CLANG_ENABLE_OBJC_ARC = YES;
				CLANG_ENABLE_OBJC_WEAK = YES;
				CLANG_WARN_BLOCK_CAPTURE_AUTORELEASING = YES;
				CLANG_WARN_BOOL_CONVERSION = YES;
				CLANG_WARN_COMMA = YES;
				CLANG_WARN_CONSTANT_CONVERSION = YES;
				CLANG_WARN_DEPRECATED_OBJC_IMPLEMENTATIONS = YES;
				CLANG_WARN_DIRECT_OBJC_ISA_USAGE = YES_ERROR;
				CLANG_WARN_DOCUMENTATION_COMMENTS = YES;
				CLANG_WARN_EMPTY_BODY = YES;
				CLANG_WARN_ENUM_CONVERSION = YES;
				CLANG_WARN_INFINITE_RECURSION = YES;
				CLANG_WARN_INT_CONVERSION = YES;
				CLANG_WARN_NON_LITERAL_NULL_CONVERSION = YES;
				CLANG_WARN_OBJC_IMPLICIT_RETAIN_SELF = YES;
				CLANG_WARN_OBJC_LITERAL_CONVERSION = YES;
				CLANG_WARN_OBJC_ROOT_CLASS = YES_ERROR;
				CLANG_WARN_QUOTED_INCLUDE_IN_FRAMEWORK_HEADER = YES;
				CLANG_WARN_RANGE_LOOP_ANALYSIS = YES;
				CLANG_WARN_STRICT_PROTOTYPES = YES;
				CLANG_WARN_SUSPICIOUS_MOVE = YES;
				CLANG_WARN_UNGUARDED_AVAILABILITY = YES_AGGRESSIVE;
				CLANG_WARN_UNREACHABLE_CODE = YES;
				CLANG_WARN__DUPLICATE_METHOD_MATCH = YES;
				COPY_PHASE_STRIP = NO;
				DEBUG_INFORMATION_FORMAT = "dwarf-with-dsym";
				ENABLE_NS_ASSERTIONS = NO;
				ENABLE_STRICT_OBJC_MSGSEND = YES;
				ENABLE_USER_SCRIPT_SANDBOXING = YES;
				GCC_C_LANGUAGE_STANDARD = gnu17;
				GCC_NO_COMMON_BLOCKS = YES;
				GCC_WARN_64_TO_32_BIT_CONVERSION = YES;
				GCC_WARN_ABOUT_RETURN_TYPE = YES_ERROR;
				GCC_WARN_UNDECLARED_SELECTOR = YES;
				GCC_WARN_UNINITIALIZED_AUTOS = YES_AGGRESSIVE;
				GCC_WARN_UNUSED_FUNCTION = YES;
				GCC_WARN_UNUSED_VARIABLE = YES;
				IPHONEOS_DEPLOYMENT_TARGET = 26.2;
				LOCALIZATION_PREFERS_STRING_CATALOGS = YES;
				MTL_ENABLE_DEBUG_INFO = NO;
				MTL_FAST_MATH = YES;
				SDKROOT = iphoneos;
				SWIFT_COMPILATION_MODE = wholemodule;
				VALIDATE_PRODUCT = YES;
			};
			name = Release;
		};
/* End XCBuildConfiguration section */

/* Begin XCConfigurationList section */
		74C4EE392F60615800B53EB5 /* Build configuration list for PBXProject "Toxlendru Kartrorcrex" */ = {
			isa = XCConfigurationList;
			buildConfigurations = (
				74C4EE542F60615900B53EB5 /* Debug */,
				74C4EE552F60615900B53EB5 /* Release */,
			);
			defaultConfigurationIsVisible = 0;
			defaultConfigurationName = Release;
		};
		74C4EE512F60615900B53EB5 /* Build configuration list for PBXNativeTarget "Toxlendru Kartrorcrex" */ = {
			isa = XCConfigurationList;
			buildConfigurations = (
				74C4EE522F60615900B53EB5 /* Debug */,
				74C4EE532F60615900B53EB5 /* Release */,
			);
			defaultConfigurationIsVisible = 0;
			defaultConfigurationName = Release;
		};
/* End XCConfigurationList section */
	};
	rootObject = 74C4EE362F60615800B53EB5 /* Project object */;
}
